PODS:
  - Alamofire (4.6.0)
  - ESPullToRefresh (2.7)
  - HandyJSON (4.0.0-beta.1)
  - Hue (3.0.1)
  - Kingfisher (4.5.0)
  - RxCocoa (4.0.0):
    - RxSwift (~> 4.0)
  - RxSwift (4.0.0)
  - SnapKit (4.0.0)
  - SwiftyJSON (4.0.0)

DEPENDENCIES:
  - Alamofire
  - ESPullToRefresh
  - HandyJSON (~> 4.0.0-beta.1)
  - Hue
  - Kingfisher
  - RxCocoa (~> 4.0)
  - RxSwift (~> 4.0)
  - SnapKit
  - SwiftyJSON

SPEC CHECKSUMS:
  Alamofire: f41a599bd63041760b26d393ec1069d9d7b917f4
  ESPullToRefresh: 119e2710b82b75536aab2bbe4883ba119fca35c8
  HandyJSON: 428bb18e2c34c2a77361accebf90cf64e4f74118
  Hue: 93e852fa6211ab35922ad8c293f51c43d6c79eb2
  Kingfisher: 26ae0473102b77b575da51960c932431e3745407
  RxCocoa: d62846ca96495d862fa4c59ea7d87e5031d7340e
  RxSwift: fd680d75283beb5e2559486f3c0ff852f0d35334
  SnapKit: a42d492c16e80209130a3379f73596c3454b7694
  SwiftyJSON: 070dabdcb1beb81b247c65ffa3a79dbbfb3b48aa

PODFILE CHECKSUM: f7fe2067be903ed5574015f360f13f8813d0488e

COCOAPODS: 1.3.1
